
Microsoft Visual Studio Solution File, Format Version 12.00
# Visual Studio Version 16
VisualStudioVersion = 16.0.29409.12
MinimumVisualStudioVersion = 10.0.40219.1
Project("{FAE04EC0-301F-11D3-BF4B-00C04F79EFBC}") = "421_Jail", "421_Jail\421_Jail.csproj", "{A33C0B73-B5DA-411D-8D56-988D0BCBD36C}"
EndProject
Global
	GlobalSection(SolutionConfigurationPlatforms) = preSolution
		Debug|Any CPU = Debug|Any CPU
		Release|Any CPU = Release|Any CPU
	EndGlobalSection
	GlobalSection(ProjectConfigurationPlatforms) = postSolution
		{A33C0B73-B5DA-411D-8D56-988D0BCBD36C}.Debug|Any CPU.ActiveCfg = Debug|Any CPU
		{A33C0B73-B5DA-411D-8D56-988D0BCBD36C}.Debug|Any CPU.Build.0 = Debug|Any CPU
		{A33C0B73-B5DA-411D-8D56-988D0BCBD36C}.Release|Any CPU.ActiveCfg = Release|Any CPU
		{A33C0B73-B5DA-411D-8D56-988D0BCBD36C}.Release|Any CPU.Build.0 = Release|Any CPU
	EndGlobalSection
	GlobalSection(SolutionProperties) = preSolution
		HideSolutionNode = FALSE
	EndGlobalSection
	GlobalSection(ExtensibilityGlobals) = postSolution
		SolutionGuid = {4B0EBA19-0BB8-46D9-8138-1AC2FABE4716}
	EndGlobalSection
EndGlobal
